
Microsoft Visual Studio Solution File, Format Version 12.00
# Visual Studio Version 16
VisualStudioVersion = 16.0.30011.22
MinimumVisualStudioVersion = 10.0.40219.1
Project("{9092AA53-FB77-4645-B42D-1CCCA6BD08BD}") = "LevelUp", "LevelUp.njsproj", "{8E8813CE-72F1-4D54-B025-761B81CBC303}"
EndProject
Global
	GlobalSection(SolutionConfigurationPlatforms) = preSolution
		Debug|Any CPU = Debug|Any CPU
		Release|Any CPU = Release|Any CPU
	EndGlobalSection
	GlobalSection(ProjectConfigurationPlatforms) = postSolution
		{8E8813CE-72F1-4D54-B025-761B81CBC303}.Debug|Any CPU.ActiveCfg = Debug|Any CPU
		{8E8813CE-72F1-4D54-B025-761B81CBC303}.Debug|Any CPU.Build.0 = Debug|Any CPU
		{8E8813CE-72F1-4D54-B025-761B81CBC303}.Release|Any CPU.ActiveCfg = Release|Any CPU
		{8E8813CE-72F1-4D54-B025-761B81CBC303}.Release|Any CPU.Build.0 = Release|Any CPU
	EndGlobalSection
	GlobalSection(SolutionProperties) = preSolution
		HideSolutionNode = FALSE
	EndGlobalSection
	GlobalSection(ExtensibilityGlobals) = postSolution
		SolutionGuid = {E58DF642-E014-4650-8E18-7291D331EB18}
	EndGlobalSection
EndGlobal
